github.com/davecgh/go-spew v1.1.1 h1:vj9j/u1bqnvCEfJOwUhtlOARqs3+rkHYY13jYWTU97c=
github.com/davecgh/go-spew v1.1.1/go.mod h1:J7Y8YcW2NihsgmVo/mv3lAwl/skON4iLHjSsI+c5H38=
gitlab.com/gomidi/midi/v2 v2.2.10 h1:u9D+5TM0vkFWF5DcO6xGKG99ERYqksh6wPj2X2Rx5A8=
gitlab.com/gomidi/midi/v2 v2.2.10/go.mod h1:ENtYaJPOwb2N+y7ihv/L7R4GtWjbknouhIIkMrJ5C0g=
